// !$*UTF8*$!
{
	archiveVersion = 1;
	classes = {
	};
	objectVersion = 50;
	objects = {

/* Begin PBXBuildFile section */
		8B09DDA2227C25AA00A5DF8A /* AppDelegate.swift in Sources */ = {isa = PBXBuildFile; fileRef = 8B09DDA1227C25AA00A5DF8A /* AppDelegate.swift */; };
		8B09DDA4227C25AA00A5DF8A /* ViewController.swift in Sources */ = {isa = PBXBuildFile; fileRef = 8B09DDA3227C25AA00A5DF8A /* ViewController.swift */; };
		8B09DDA6227C25AC00A5DF8A /* Assets.xcassets in Resources */ = {isa = PBXBuildFile; fileRef = 8B09DDA5227C25AC00A5DF8A /* Assets.xcassets */; };
		8B09DDA9227C25AC00A5DF8A /* Main.storyboard in Resources */ = {isa = PBXBuildFile; fileRef = 8B09DDA7227C25AC00A5DF8A /* Main.storyboard */; };
		8B09DDB4227C28A500A5DF8A /* Constants.swift in Sources */ = {isa = PBXBuildFile; fileRef = 8B09DDB3227C28A500A5DF8A /* Constants.swift */; };
		8B09DDB9227C4B5C00A5DF8A /* PeripheralVC.swift in Sources */ = {isa = PBXBuildFile; fileRef = 8B09DDB8227C4B5C00A5DF8A /* PeripheralVC.swift */; };
		8B09DDBB227C5DD800A5DF8A /* Strain.swift in Sources */ = {isa = PBXBuildFile; fileRef = 8B09DDBA227C5DD800A5DF8A /* Strain.swift */; };
/* End PBXBuildFile section */

/* Begin PBXFileReference section */
		8B09DD9E227C25AA00A5DF8A /* SweetZpot Dataflow.app */ = {isa = PBXFileReference; explicitFileType = wrapper.application; includeInIndex = 0; path = "SweetZpot Dataflow.app"; sourceTree = BUILT_PRODUCTS_DIR; };
		8B09DDA1227C25AA00A5DF8A /* AppDelegate.swift */ = {isa = PBXFileReference; lastKnownFileType = sourcecode.swift; path = AppDelegate.swift; sourceTree = "<group>"; };
		8B09DDA3227C25AA00A5DF8A /* ViewController.swift */ = {isa = PBXFileReference; lastKnownFileType = sourcecode.swift; path = ViewController.swift; sourceTree = "<group>"; };
		8B09DDA5227C25AC00A5DF8A /* Assets.xcassets */ = {isa = PBXFileReference; lastKnownFileType = folder.assetcatalog; path = Assets.xcassets; sourceTree = "<group>"; };
		8B09DDA8227C25AC00A5DF8A /* Base */ = {isa = PBXFileReference; lastKnownFileType = file.storyboard; name = Base; path = Base.lproj/Main.storyboard; sourceTree = "<group>"; };
		8B09DDAA227C25AC00A5DF8A /* Info.plist */ = {isa = PBXFileReference; lastKnownFileType = text.plist.xml; path = Info.plist; sourceTree = "<group>"; };
		8B09DDAB227C25AC00A5DF8A /* BLEDeviceConnector.entitlements */ = {isa = PBXFileReference; lastKnownFileType = text.plist.entitlements; path = BLEDeviceConnector.entitlements; sourceTree = "<group>"; };
		8B09DDB3227C28A500A5DF8A /* Constants.swift */ = {isa = PBXFileReference; lastKnownFileType = sourcecode.swift; path = Constants.swift; sourceTree = "<group>"; };
		8B09DDB8227C4B5C00A5DF8A /* PeripheralVC.swift */ = {isa = PBXFileReference; lastKnownFileType = sourcecode.swift; path = PeripheralVC.swift; sourceTree = "<group>"; };
		8B09DDBA227C5DD800A5DF8A /* Strain.swift */ = {isa = PBXFileReference; lastKnownFileType = sourcecode.swift; path = Strain.swift; sourceTree = "<group>"; };
/* End PBXFileReference section */

/* Begin PBXFrameworksBuildPhase section */
		8B09DD9B227C25AA00A5DF8A /* Frameworks */ = {
			isa = PBXFrameworksBuildPhase;
			buildActionMask = 2147483647;
			files = (
			);
			runOnlyForDeploymentPostprocessing = 0;
		};
/* End PBXFrameworksBuildPhase section */

/* Begin PBXGroup section */
		8B09DD95227C25AA00A5DF8A = {
			isa = PBXGroup;
			children = (
				8B09DDA0227C25AA00A5DF8A /* BLEDeviceConnector */,
				8B09DD9F227C25AA00A5DF8A /* Products */,
			);
			sourceTree = "<group>";
		};
		8B09DD9F227C25AA00A5DF8A /* Products */ = {
			isa = PBXGroup;
			children = (
				8B09DD9E227C25AA00A5DF8A /* SweetZpot Dataflow.app */,
			);
			name = Products;
			sourceTree = "<group>";
		};
		8B09DDA0227C25AA00A5DF8A /* BLEDeviceConnector */ = {
			isa = PBXGroup;
			children = (
				8B09DDB1227C25DB00A5DF8A /* SupportingFiles */,
				8B09DDB2227C25F300A5DF8A /* ViewControllers */,
				8B09DDA7227C25AC00A5DF8A /* Main.storyboard */,
				8B09DDAB227C25AC00A5DF8A /* BLEDeviceConnector.entitlements */,
				8B09DDAA227C25AC00A5DF8A /* Info.plist */,
			);
			path = BLEDeviceConnector;
			sourceTree = "<group>";
		};
		8B09DDB1227C25DB00A5DF8A /* SupportingFiles */ = {
			isa = PBXGroup;
			children = (
				8B09DDA1227C25AA00A5DF8A /* AppDelegate.swift */,
				8B09DDB5227C28A900A5DF8A /* Utilities */,
				8B09DDA5227C25AC00A5DF8A /* Assets.xcassets */,
			);
			path = SupportingFiles;
			sourceTree = "<group>";
		};
		8B09DDB2227C25F300A5DF8A /* ViewControllers */ = {
			isa = PBXGroup;
			children = (
				8B09DDA3227C25AA00A5DF8A /* ViewController.swift */,
				8B09DDB8227C4B5C00A5DF8A /* PeripheralVC.swift */,
			);
			path = ViewControllers;
			sourceTree = "<group>";
		};
		8B09DDB5227C28A900A5DF8A /* Utilities */ = {
			isa = PBXGroup;
			children = (
				8B09DDB3227C28A500A5DF8A /* Constants.swift */,
				8B09DDBA227C5DD800A5DF8A /* Strain.swift */,
			);
			path = Utilities;
			sourceTree = "<group>";
		};
/* End PBXGroup section */

/* Begin PBXNativeTarget section */
		8B09DD9D227C25AA00A5DF8A /* SweetZpot Dataflow */ = {
			isa = PBXNativeTarget;
			buildConfigurationList = 8B09DDAE227C25AC00A5DF8A /* Build configuration list for PBXNativeTarget "SweetZpot Dataflow" */;
			buildPhases = (
				8B09DD9A227C25AA00A5DF8A /* Sources */,
				8B09DD9B227C25AA00A5DF8A /* Frameworks */,
				8B09DD9C227C25AA00A5DF8A /* Resources */,
			);
			buildRules = (
			);
			dependencies = (
			);
			name = "SweetZpot Dataflow";
			productName = BLEDeviceConnector;
			productReference = 8B09DD9E227C25AA00A5DF8A /* SweetZpot Dataflow.app */;
			productType = "com.apple.product-type.application";
		};
/* End PBXNativeTarget section */

/* Begin PBXProject section */
		8B09DD96227C25AA00A5DF8A /* Project object */ = {
			isa = PBXProject;
			attributes = {
				LastSwiftUpdateCheck = 1020;
				LastUpgradeCheck = 1020;
				ORGANIZATIONNAME = "Pavan N";
				TargetAttributes = {
					8B09DD9D227C25AA00A5DF8A = {
						CreatedOnToolsVersion = 10.2.1;
						SystemCapabilities = {
							com.apple.Sandbox = {
								enabled = 1;
							};
						};
					};
				};
			};
			buildConfigurationList = 8B09DD99227C25AA00A5DF8A /* Build configuration list for PBXProject "BLEDeviceConnector" */;
			compatibilityVersion = "Xcode 9.3";
			developmentRegion = en;
			hasScannedForEncodings = 0;
			knownRegions = (
				en,
				Base,
			);
			mainGroup = 8B09DD95227C25AA00A5DF8A;
			productRefGroup = 8B09DD9F227C25AA00A5DF8A /* Products */;
			projectDirPath = "";
			projectRoot = "";
			targets = (
				8B09DD9D227C25AA00A5DF8A /* SweetZpot Dataflow */,
			);
		};
/* End PBXProject section */

/* Begin PBXResourcesBuildPhase section */
		8B09DD9C227C25AA00A5DF8A /* Resources */ = {
			isa = PBXResourcesBuildPhase;
			buildActionMask = 2147483647;
			files = (
				8B09DDA6227C25AC00A5DF8A /* Assets.xcassets in Resources */,
				8B09DDA9227C25AC00A5DF8A /* Main.storyboard in Resources */,
			);
			runOnlyForDeploymentPostprocessing = 0;
		};
/* End PBXResourcesBuildPhase section */

/* Begin PBXSourcesBuildPhase section */
		8B09DD9A227C25AA00A5DF8A /* Sources */ = {
			isa = PBXSourcesBuildPhase;
			buildActionMask = 2147483647;
			files = (
				8B09DDA4227C25AA00A5DF8A /* ViewController.swift in Sources */,
				8B09DDBB227C5DD800A5DF8A /* Strain.swift in Sources */,
				8B09DDA2227C25AA00A5DF8A /* AppDelegate.swift in Sources */,
				8B09DDB9227C4B5C00A5DF8A /* PeripheralVC.swift in Sources */,
				8B09DDB4227C28A500A5DF8A /* Constants.swift in Sources */,
			);
			runOnlyForDeploymentPostprocessing = 0;
		};
/* End PBXSourcesBuildPhase section */

/* Begin PBXVariantGroup section */
		8B09DDA7227C25AC00A5DF8A /* Main.storyboard */ = {
			isa = PBXVariantGroup;
			children = (
				8B09DDA8227C25AC00A5DF8A /* Base */,
			);
			name = Main.storyboard;
			sourceTree = "<group>";
		};
/* End PBXVariantGroup section */

/* Begin XCBuildConfiguration section */
		8B09DDAC227C25AC00A5DF8A /* Debug */ = {
			isa = XCBuildConfiguration;
			buildSettings = {
				ALWAYS_SEARCH_USER_PATHS = NO;
				CLANG_ANALYZER_NONNULL = YES;
				CLANG_ANALYZER_NUMBER_OBJECT_CONVERSION = YES_AGGRESSIVE;
				CLANG_CXX_LANGUAGE_STANDARD = "gnu++14";
				CLANG_CXX_LIBRARY = "libc++";
				CLANG_ENABLE_MODULES = YES;
				CLANG_ENABLE_OBJC_ARC = YES;
				CLANG_ENABLE_OBJC_WEAK = YES;
				CLANG_WARN_BLOCK_CAPTURE_AUTORELEASING = YES;
				CLANG_WARN_BOOL_CONVERSION = YES;
				CLANG_WARN_COMMA = YES;
				CLANG_WARN_CONSTANT_CONVERSION = YES;
				CLANG_WARN_DEPRECATED_OBJC_IMPLEMENTATIONS = YES;
				CLANG_WARN_DIRECT_OBJC_ISA_USAGE = YES_ERROR;
				CLANG_WARN_DOCUMENTATION_COMMENTS = YES;
				CLANG_WARN_EMPTY_BODY = YES;
				CLANG_WARN_ENUM_CONVERSION = YES;
				CLANG_WARN_INFINITE_RECURSION = YES;
				CLANG_WARN_INT_CONVERSION = YES;
				CLANG_WARN_NON_LITERAL_NULL_CONVERSION = YES;
				CLANG_WARN_OBJC_IMPLICIT_RETAIN_SELF = YES;
				CLANG_WARN_OBJC_LITERAL_CONVERSION = YES;
				CLANG_WARN_OBJC_ROOT_CLASS = YES_ERROR;
				CLANG_WARN_RANGE_LOOP_ANALYSIS = YES;
				CLANG_WARN_STRICT_PROTOTYPES = YES;
				CLANG_WARN_SUSPICIOUS_MOVE = YES;
				CLANG_WARN_UNGUARDED_AVAILABILITY = YES_AGGRESSIVE;
				CLANG_WARN_UNREACHABLE_CODE = YES;
				CLANG_WARN__DUPLICATE_METHOD_MATCH = YES;
				CODE_SIGN_IDENTITY = "Mac Developer";
				COPY_PHASE_STRIP = NO;
				DEBUG_INFORMATION_FORMAT = dwarf;
				ENABLE_STRICT_OBJC_MSGSEND = YES;
				ENABLE_TESTABILITY = YES;
				GCC_C_LANGUAGE_STANDARD = gnu11;
				GCC_DYNAMIC_NO_PIC = NO;
				GCC_NO_COMMON_BLOCKS = YES;
				GCC_OPTIMIZATION_LEVEL = 0;
				GCC_PREPROCESSOR_DEFINITIONS = (
					"DEBUG=1",
					"$(inherited)",
				);
				GCC_WARN_64_TO_32_BIT_CONVERSION = YES;
				GCC_WARN_ABOUT_RETURN_TYPE = YES_ERROR;
				GCC_WARN_UNDECLARED_SELECTOR = YES;
				GCC_WARN_UNINITIALIZED_AUTOS = YES_AGGRESSIVE;
				GCC_WARN_UNUSED_FUNCTION = YES;
				GCC_WARN_UNUSED_VARIABLE = YES;
				MACOSX_DEPLOYMENT_TARGET = 10.14;
				MTL_ENABLE_DEBUG_INFO = INCLUDE_SOURCE;
				MTL_FAST_MATH = YES;
				ONLY_ACTIVE_ARCH = YES;
				SDKROOT = macosx;
				SWIFT_ACTIVE_COMPILATION_CONDITIONS = DEBUG;
				SWIFT_OPTIMIZATION_LEVEL = "-Onone";
			};
			name = Debug;
		};
		8B09DDAD227C25AC00A5DF8A /* Release */ = {
			isa = XCBuildConfiguration;
			buildSettings = {
				ALWAYS_SEARCH_USER_PATHS = NO;
				CLANG_ANALYZER_NONNULL = YES;
				CLANG_ANALYZER_NUMBER_OBJECT_CONVERSION = YES_AGGRESSIVE;
				CLANG_CXX_LANGUAGE_STANDARD = "gnu++14";
				CLANG_CXX_LIBRARY = "libc++";
				CLANG_ENABLE_MODULES = YES;
				CLANG_ENABLE_OBJC_ARC = YES;
				CLANG_ENABLE_OBJC_WEAK = YES;
				CLANG_WARN_BLOCK_CAPTURE_AUTORELEASING = YES;
				CLANG_WARN_BOOL_CONVERSION = YES;
				CLANG_WARN_COMMA = YES;
				CLANG_WARN_CONSTANT_CONVERSION = YES;
				CLANG_WARN_DEPRECATED_OBJC_IMPLEMENTATIONS = YES;
				CLANG_WARN_DIRECT_OBJC_ISA_USAGE = YES_ERROR;
				CLANG_WARN_DOCUMENTATION_COMMENTS = YES;
				CLANG_WARN_EMPTY_BODY = YES;
				CLANG_WARN_ENUM_CONVERSION = YES;
				CLANG_WARN_INFINITE_RECURSION = YES;
				CLANG_WARN_INT_CONVERSION = YES;
				CLANG_WARN_NON_LITERAL_NULL_CONVERSION = YES;
				CLANG_WARN_OBJC_IMPLICIT_RETAIN_SELF = YES;
				CLANG_WARN_OBJC_LITERAL_CONVERSION = YES;
				CLANG_WARN_OBJC_ROOT_CLASS = YES_ERROR;
				CLANG_WARN_RANGE_LOOP_ANALYSIS = YES;
				CLANG_WARN_STRICT_PROTOTYPES = YES;
				CLANG_WARN_SUSPICIOUS_MOVE = YES;
				CLANG_WARN_UNGUARDED_AVAILABILITY = YES_AGGRESSIVE;
				CLANG_WARN_UNREACHABLE_CODE = YES;
				CLANG_WARN__DUPLICATE_METHOD_MATCH = YES;
				CODE_SIGN_IDENTITY = "Mac Developer";
				COPY_PHASE_STRIP = NO;
				DEBUG_INFORMATION_FORMAT = "dwarf-with-dsym";
				ENABLE_NS_ASSERTIONS = NO;
				ENABLE_STRICT_OBJC_MSGSEND = YES;
				GCC_C_LANGUAGE_STANDARD = gnu11;
				GCC_NO_COMMON_BLOCKS = YES;
				GCC_WARN_64_TO_32_BIT_CONVERSION = YES;
				GCC_WARN_ABOUT_RETURN_TYPE = YES_ERROR;
				GCC_WARN_UNDECLARED_SELECTOR = YES;
				GCC_WARN_UNINITIALIZED_AUTOS = YES_AGGRESSIVE;
				GCC_WARN_UNUSED_FUNCTION = YES;
				GCC_WARN_UNUSED_VARIABLE = YES;
				MACOSX_DEPLOYMENT_TARGET = 10.14;
				MTL_ENABLE_DEBUG_INFO = NO;
				MTL_FAST_MATH = YES;
				SDKROOT = macosx;
				SWIFT_COMPILATION_MODE = wholemodule;
				SWIFT_OPTIMIZATION_LEVEL = "-O";
			};
			name = Release;
		};
		8B09DDAF227C25AC00A5DF8A /* Debug */ = {
			isa = XCBuildConfiguration;
			buildSettings = {
				ASSETCATALOG_COMPILER_APPICON_NAME = AppIcon;
				CODE_SIGN_ENTITLEMENTS = BLEDeviceConnector/BLEDeviceConnector.entitlements;
				CODE_SIGN_STYLE = Automatic;
				COMBINE_HIDPI_IMAGES = YES;
				DEVELOPMENT_TEAM = C7B5W83C7Y;
				INFOPLIST_FILE = BLEDeviceConnector/Info.plist;
				LD_RUNPATH_SEARCH_PATHS = (
					"$(inherited)",
					"@executable_path/../Frameworks",
				);
				PRODUCT_BUNDLE_IDENTIFIER = pavan.ble.connector.BLEDeviceConnector;
				PRODUCT_NAME = "$(TARGET_NAME)";
				SWIFT_VERSION = 5.0;
			};
			name = Debug;
		};
		8B09DDB0227C25AC00A5DF8A /* Release */ = {
			isa = XCBuildConfiguration;
			buildSettings = {
				ASSETCATALOG_COMPILER_APPICON_NAME = AppIcon;
				CODE_SIGN_ENTITLEMENTS = BLEDeviceConnector/BLEDeviceConnector.entitlements;
				CODE_SIGN_STYLE = Automatic;
				COMBINE_HIDPI_IMAGES = YES;
				DEVELOPMENT_TEAM = C7B5W83C7Y;
				INFOPLIST_FILE = BLEDeviceConnector/Info.plist;
				LD_RUNPATH_SEARCH_PATHS = (
					"$(inherited)",
					"@executable_path/../Frameworks",
				);
				PRODUCT_BUNDLE_IDENTIFIER = pavan.ble.connector.BLEDeviceConnector;
				PRODUCT_NAME = "$(TARGET_NAME)";
				SWIFT_VERSION = 5.0;
			};
			name = Release;
		};
/* End XCBuildConfiguration section */

/* Begin XCConfigurationList section */
		8B09DD99227C25AA00A5DF8A /* Build configuration list for PBXProject "BLEDeviceConnector" */ = {
			isa = XCConfigurationList;
			buildConfigurations = (
				8B09DDAC227C25AC00A5DF8A /* Debug */,
				8B09DDAD227C25AC00A5DF8A /* Release */,
			);
			defaultConfigurationIsVisible = 0;
			defaultConfigurationName = Release;
		};
		8B09DDAE227C25AC00A5DF8A /* Build configuration list for PBXNativeTarget "SweetZpot Dataflow" */ = {
			isa = XCConfigurationList;
			buildConfigurations = (
				8B09DDAF227C25AC00A5DF8A /* Debug */,
				8B09DDB0227C25AC00A5DF8A /* Release */,
			);
			defaultConfigurationIsVisible = 0;
			defaultConfigurationName = Release;
		};
/* End XCConfigurationList section */
	};
	rootObject = 8B09DD96227C25AA00A5DF8A /* Project object */;
}
